
Microsoft Visual Studio Solution File, Format Version 12.00
# Visual Studio Version 17
VisualStudioVersion = 17.2.32526.322
MinimumVisualStudioVersion = 10.0.40219.1
Project("{FAE04EC0-301F-11D3-BF4B-00C04F79EFBC}") = "T.S. Cakes", "T.S. Cakes\T.S. Cakes.csproj", "{474C3C64-33F9-4369-9F04-2D23C1FBF668}"
EndProject
Global
	GlobalSection(SolutionConfigurationPlatforms) = preSolution
		Debug|Any CPU = Debug|Any CPU
		Release|Any CPU = Release|Any CPU
	EndGlobalSection
	GlobalSection(ProjectConfigurationPlatforms) = postSolution
		{474C3C64-33F9-4369-9F04-2D23C1FBF668}.Debug|Any CPU.ActiveCfg = Debug|Any CPU
		{474C3C64-33F9-4369-9F04-2D23C1FBF668}.Debug|Any CPU.Build.0 = Debug|Any CPU
		{474C3C64-33F9-4369-9F04-2D23C1FBF668}.Release|Any CPU.ActiveCfg = Release|Any CPU
		{474C3C64-33F9-4369-9F04-2D23C1FBF668}.Release|Any CPU.Build.0 = Release|Any CPU
	EndGlobalSection
	GlobalSection(SolutionProperties) = preSolution
		HideSolutionNode = FALSE
	EndGlobalSection
	GlobalSection(ExtensibilityGlobals) = postSolution
		SolutionGuid = {A54AFF89-3AC1-48F2-939F-B533BB0E8B26}
	EndGlobalSection
EndGlobal
